
Microsoft Visual Studio Solution File, Format Version 12.00
# Visual Studio 15
VisualStudioVersion = 15.0.28307.489
MinimumVisualStudioVersion = 10.0.40219.1
Project("{FAE04EC0-301F-11D3-BF4B-00C04F79EFBC}") = "ProyectoBitacorasCientificas", "ProyectoBitacorasCientificas\ProyectoBitacorasCientificas.csproj", "{34D6B8C6-4B96-446E-9EF6-F1A90A8EB6F6}"
EndProject
Global
	GlobalSection(SolutionConfigurationPlatforms) = preSolution
		Debug|Any CPU = Debug|Any CPU
		Release|Any CPU = Release|Any CPU
	EndGlobalSection
	GlobalSection(ProjectConfigurationPlatforms) = postSolution
		{34D6B8C6-4B96-446E-9EF6-F1A90A8EB6F6}.Debug|Any CPU.ActiveCfg = Debug|Any CPU
		{34D6B8C6-4B96-446E-9EF6-F1A90A8EB6F6}.Debug|Any CPU.Build.0 = Debug|Any CPU
		{34D6B8C6-4B96-446E-9EF6-F1A90A8EB6F6}.Release|Any CPU.ActiveCfg = Release|Any CPU
		{34D6B8C6-4B96-446E-9EF6-F1A90A8EB6F6}.Release|Any CPU.Build.0 = Release|Any CPU
	EndGlobalSection
	GlobalSection(SolutionProperties) = preSolution
		HideSolutionNode = FALSE
	EndGlobalSection
	GlobalSection(ExtensibilityGlobals) = postSolution
		SolutionGuid = {58369A66-E421-4CF5-9C79-7A3F4FE87A2B}
	EndGlobalSection
EndGlobal
